
Microsoft Visual Studio Solution File, Format Version 12.00
# Visual Studio Version 16
VisualStudioVersion = 16.0.31205.134
MinimumVisualStudioVersion = 10.0.40219.1
Project("{2150E333-8FDC-42A3-9474-1A3956D46DE8}") = "InMemory", "InMemory", "{DEFDDC3E-FBDF-4315-AAC5-F045307D1113}"
EndProject
Project("{FAE04EC0-301F-11D3-BF4B-00C04F79EFBC}") = "WorkerService1", "InMemory\WorkerService1\WorkerService1.csproj", "{D9413FD2-7959-4D76-98EF-82B267AD68F8}"
EndProject
Project("{2150E333-8FDC-42A3-9474-1A3956D46DE8}") = "RabbitMq", "RabbitMq", "{6A4C1418-12B4-48DA-BF32-67FCA6702719}"
EndProject
Project("{9A19103F-16F7-4668-BE54-9A1E7A4F7556}") = "EventBus.Messages", "RabbitMq\EventBus.Messages\EventBus.Messages.csproj", "{6DE30DCB-D38A-4996-9D57-F79B25A830D3}"
EndProject
Project("{FAE04EC0-301F-11D3-BF4B-00C04F79EFBC}") = "OrderWebApi", "RabbitMq\OrderWebApi\OrderWebApi.csproj", "{340412AA-A4AE-467E-9049-BD3DF591B1C6}"
EndProject
Project("{FAE04EC0-301F-11D3-BF4B-00C04F79EFBC}") = "Consumer", "RabbitMq\Consumer\Consumer.csproj", "{E057F891-3CA7-4256-A22B-158844B8C97B}"
EndProject
Global
	GlobalSection(SolutionConfigurationPlatforms) = preSolution
		Debug|Any CPU = Debug|Any CPU
		Release|Any CPU = Release|Any CPU
	EndGlobalSection
	GlobalSection(ProjectConfigurationPlatforms) = postSolution
		{D9413FD2-7959-4D76-98EF-82B267AD68F8}.Debug|Any CPU.ActiveCfg = Debug|Any CPU
		{D9413FD2-7959-4D76-98EF-82B267AD68F8}.Debug|Any CPU.Build.0 = Debug|Any CPU
		{D9413FD2-7959-4D76-98EF-82B267AD68F8}.Release|Any CPU.ActiveCfg = Release|Any CPU
		{D9413FD2-7959-4D76-98EF-82B267AD68F8}.Release|Any CPU.Build.0 = Release|Any CPU
		{6DE30DCB-D38A-4996-9D57-F79B25A830D3}.Debug|Any CPU.ActiveCfg = Debug|Any CPU
		{6DE30DCB-D38A-4996-9D57-F79B25A830D3}.Debug|Any CPU.Build.0 = Debug|Any CPU
		{6DE30DCB-D38A-4996-9D57-F79B25A830D3}.Release|Any CPU.ActiveCfg = Release|Any CPU
		{6DE30DCB-D38A-4996-9D57-F79B25A830D3}.Release|Any CPU.Build.0 = Release|Any CPU
		{340412AA-A4AE-467E-9049-BD3DF591B1C6}.Debug|Any CPU.ActiveCfg = Debug|Any CPU
		{340412AA-A4AE-467E-9049-BD3DF591B1C6}.Debug|Any CPU.Build.0 = Debug|Any CPU
		{340412AA-A4AE-467E-9049-BD3DF591B1C6}.Release|Any CPU.ActiveCfg = Release|Any CPU
		{340412AA-A4AE-467E-9049-BD3DF591B1C6}.Release|Any CPU.Build.0 = Release|Any CPU
		{E057F891-3CA7-4256-A22B-158844B8C97B}.Debug|Any CPU.ActiveCfg = Debug|Any CPU
		{E057F891-3CA7-4256-A22B-158844B8C97B}.Debug|Any CPU.Build.0 = Debug|Any CPU
		{E057F891-3CA7-4256-A22B-158844B8C97B}.Release|Any CPU.ActiveCfg = Release|Any CPU
		{E057F891-3CA7-4256-A22B-158844B8C97B}.Release|Any CPU.Build.0 = Release|Any CPU
	EndGlobalSection
	GlobalSection(SolutionProperties) = preSolution
		HideSolutionNode = FALSE
	EndGlobalSection
	GlobalSection(NestedProjects) = preSolution
		{D9413FD2-7959-4D76-98EF-82B267AD68F8} = {DEFDDC3E-FBDF-4315-AAC5-F045307D1113}
		{6DE30DCB-D38A-4996-9D57-F79B25A830D3} = {6A4C1418-12B4-48DA-BF32-67FCA6702719}
		{340412AA-A4AE-467E-9049-BD3DF591B1C6} = {6A4C1418-12B4-48DA-BF32-67FCA6702719}
		{E057F891-3CA7-4256-A22B-158844B8C97B} = {6A4C1418-12B4-48DA-BF32-67FCA6702719}
	EndGlobalSection
	GlobalSection(ExtensibilityGlobals) = postSolution
		SolutionGuid = {C00CF2E8-30C5-4D4E-A6A6-20B5CB2E0BF7}
	EndGlobalSection
EndGlobal
